# THIS IS AN AUTOGENERATED FILE. DO NOT EDIT THIS FILE DIRECTLY.
# yarn lockfile v1


accepts@~1.3.3:
  version "1.3.3"
  resolved "https://registry.npmjs.org/accepts/-/accepts-1.3.3.tgz"
  integrity sha512-AOPopplFOUlmUugwiZUCDpOwmqvSgdCyE8iJVLWI4NcB7qfMKQN34dn5xYtlUU03XGG5egRWW4NW5gIxpa5hEA==
  dependencies:
    mime-types "~2.1.11"
    negotiator "0.6.1"

array-flatten@1.1.1:
  version "1.1.1"
  resolved "https://registry.npmjs.org/array-flatten/-/array-flatten-1.1.1.tgz"
  integrity sha512-PCVAQswWemu6UdxsDFFX/+gVeYqKAod3D3UVm91jHwynguOwAvYPhx8nNlM++NqRcK6CxxpUafjmhIdKiHibqg==

axios@^0.15.2:
  version "0.15.3"
  resolved "https://registry.npmjs.org/axios/-/axios-0.15.3.tgz"
  integrity sha512-w3/VNaraEcDri16lbemQWQGKfaFk9O0IZkzKlLeF5r6WWDv9TkcXkP+MWkRK8FbxwfozY/liI+qtvhV295t3HQ==
  dependencies:
    follow-redirects "1.0.0"

body-parser@^1.15.2:
  version "1.15.2"
  resolved "https://registry.npmjs.org/body-parser/-/body-parser-1.15.2.tgz"
  integrity sha512-w+PHzLDPwR2csqaHDt/oKTD5XVieOWaa1OV0VcX+agasefEZI3jK6iBabpOcM3ovd3YvIg+sK9sX437wvYjUSw==
  dependencies:
    bytes "2.4.0"
    content-type "~1.0.2"
    debug "~2.2.0"
    depd "~1.1.0"
    http-errors "~1.5.0"
    iconv-lite "0.4.13"
    on-finished "~2.3.0"
    qs "6.2.0"
    raw-body "~2.1.7"
    type-is "~1.6.13"

bytes@2.4.0:
  version "2.4.0"
  resolved "https://registry.npmjs.org/bytes/-/bytes-2.4.0.tgz"
  integrity sha512-SvUX8+c/Ga454a4fprIdIUzUN9xfd1YTvYh7ub5ZPJ+ZJ/+K2Bp6IpWGmnw8r3caLTsmhvJAKZz3qjIo9+XuCQ==

content-disposition@0.5.1:
  version "0.5.1"
  resolved "https://registry.npmjs.org/content-disposition/-/content-disposition-0.5.1.tgz"
  integrity sha512-LXP3Ekizrynh01Muic+1XMkR46z/d2wAO/TBnwCgdTmpFJrtwkzrCxQCsC7QnNqlShJgrQyygcX2I8oJ0wnzkw==

content-type@~1.0.2:
  version "1.0.2"
  resolved "https://registry.npmjs.org/content-type/-/content-type-1.0.2.tgz"
  integrity sha512-TFmXoAjJQD7hApJpE/GttZreniTw+DYE4zlDmPRc8Q75KXrU8hFt3Qeckml/mOTVAxwbMZ3WwdEcQCzTpfV5ZA==

cookie-signature@1.0.6:
  version "1.0.6"
  resolved "https://registry.npmjs.org/cookie-signature/-/cookie-signature-1.0.6.tgz"
  integrity sha512-QADzlaHc8icV8I7vbaJXJwod9HWYp8uCqf1xa4OfNu1T7JVxQIrUgOWtHdNDtPiywmFbiS12VjotIXLrKM3orQ==

cookie@0.3.1:
  version "0.3.1"
  resolved "https://registry.npmjs.org/cookie/-/cookie-0.3.1.tgz"
  integrity sha512-+IJOX0OqlHCszo2mBUq+SrEbCj6w7Kpffqx60zYbPTFaO4+yYgRjHwcZNpWvaTylDHaV7PPmBHzSecZiMhtPgw==

debug@^2.2.0, debug@~2.2.0:
  version "2.2.0"
  resolved "https://registry.npmjs.org/debug/-/debug-2.2.0.tgz"
  integrity sha512-X0rGvJcskG1c3TgSCPqHJ0XJgwlcvOC7elJ5Y0hYuKBZoVqWpAMfLOeIh2UI/DCQ5ruodIjvsugZtjUYUw2pUw==
  dependencies:
    ms "0.7.1"

depd@~1.1.0:
  version "1.1.0"
  resolved "https://registry.npmjs.org/depd/-/depd-1.1.0.tgz"
  integrity sha512-SN03SKT2SwhaAKUnRJ47Scnys7ZL2FuogA/6s9u5+58RAyqhsI2HBDZymMB0omazkYVBAwBHW9ONcjd4iZ8hDQ==

destroy@~1.0.4:
  version "1.0.4"
  resolved "https://registry.npmjs.org/destroy/-/destroy-1.0.4.tgz"
  integrity sha512-3NdhDuEXnfun/z7x9GOElY49LoqVHoGScmOKwmxhsS8N5Y+Z8KyPPDnaSzqWgYt/ji4mqwfTS34Htrk0zPIXVg==

ee-first@1.1.1:
  version "1.1.1"
  resolved "https://registry.npmjs.org/ee-first/-/ee-first-1.1.1.tgz"
  integrity sha512-WMwm9LhRUo+WUaRN+vRuETqG89IgZphVSNkdFgeb6sS/E4OrDIN7t48CAewSHXc6C8lefD8KKfr5vY61brQlow==

encodeurl@~1.0.1:
  version "1.0.1"
  resolved "https://registry.npmjs.org/encodeurl/-/encodeurl-1.0.1.tgz"
  integrity sha512-Emsft8lNRSZ7+fFm2KgTM8OZPcfHip/hNMSkje83n+LqPx5tI4xkCxyunJIG3EZsWHz9sqzohiPR6monRXWD8g==

escape-html@~1.0.3:
  version "1.0.3"
  resolved "https://registry.npmjs.org/escape-html/-/escape-html-1.0.3.tgz"
  integrity sha512-NiSupZ4OeuGwr68lGIeym/ksIZMJodUGOSCZ/FSnTxcrekbvqrgdUxlJOMpijaKZVjAJrWrGs/6Jy8OMuyj9ow==

etag@~1.7.0:
  version "1.7.0"
  resolved "https://registry.npmjs.org/etag/-/etag-1.7.0.tgz"
  integrity sha512-Mbv5pNpLNPrm1b4rzZlZlfTRpdDr31oiD43N362sIyvSWVNu5Du33EcJGzvEV4YdYLuENB1HzND907cQkFmXNw==

express@^4.14.0:
  version "4.14.0"
  resolved "https://registry.npmjs.org/express/-/express-4.14.0.tgz"
  integrity sha512-DMNT04ECPAVNiEZqRtl2VMxg4TMxL0+Qv2VrQcsO+vaOSkeHJSCSmEfxrcJ30ikZx5l8VdPAdhhrVPw0wZFZ2Q==
  dependencies:
    accepts "~1.3.3"
    array-flatten "1.1.1"
    content-disposition "0.5.1"
    content-type "~1.0.2"
    cookie "0.3.1"
    cookie-signature "1.0.6"
    debug "~2.2.0"
    depd "~1.1.0"
    encodeurl "~1.0.1"
    escape-html "~1.0.3"
    etag "~1.7.0"
    finalhandler "0.5.0"
    fresh "0.3.0"
    merge-descriptors "1.0.1"
    methods "~1.1.2"
    on-finished "~2.3.0"
    parseurl "~1.3.1"
    path-to-regexp "0.1.7"
    proxy-addr "~1.1.2"
    qs "6.2.0"
    range-parser "~1.2.0"
    send "0.14.1"
    serve-static "~1.11.1"
    type-is "~1.6.13"
    utils-merge "1.0.0"
    vary "~1.1.0"

finalhandler@0.5.0:
  version "0.5.0"
  resolved "https://registry.npmjs.org/finalhandler/-/finalhandler-0.5.0.tgz"
  integrity sha512-KCwi04Tss2Qa+3NQkU3/4lBYXfHYunl3YM0rDJPxhdZ1qjlGvf/BilX2g7vm/qkHUMs5MncaD9f/VTdYN95iig==
  dependencies:
    debug "~2.2.0"
    escape-html "~1.0.3"
    on-finished "~2.3.0"
    statuses "~1.3.0"
    unpipe "~1.0.0"

follow-redirects@1.0.0:
  version "1.0.0"
  resolved "https://registry.npmjs.org/follow-redirects/-/follow-redirects-1.0.0.tgz"
  integrity sha512-7s+wBk4z5xTwVJuozRBAyRofWKjD3uG2CUjZfZTrw9f+f+z8ZSxOjAqfIDLtc0Hnz+wGK2Y8qd93nGGjXBYKsQ==
  dependencies:
    debug "^2.2.0"

forwarded@~0.1.0:
  version "0.1.0"
  resolved "https://registry.npmjs.org/forwarded/-/forwarded-0.1.0.tgz"
  integrity sha512-h17abE+9l03GtF7H+Tdf/exIbFnOgiOieYrtBfleXuDTU3jGncrv4oLOIuXnFPveDuQPd9kd3MGkhKaMGoQwOA==

fresh@0.3.0:
  version "0.3.0"
  resolved "https://registry.npmjs.org/fresh/-/fresh-0.3.0.tgz"
  integrity sha512-akx5WBKAwMSg36qoHTuMMVncHWctlaDGslJASDYAhoLrzDUDCjZlOngNa/iC6lPm9aA0qk8pN5KnpmbJHSIIQQ==

"github-api@https://github.com/fkling/github.git":
  version "3.1.0"
  resolved "git+ssh://git@github.com/fkling/github.git"
  integrity sha512-+0fDYt4TeL3nFWZLchSBLJRh7mI023wqBDjBhPKrQoF0bi5bZ4vuOGz0DrTQQOMy7Q8OQUyebmtEeuDChAPE0g==
  dependencies:
    axios "^0.15.2"
    debug "^2.2.0"
    js-base64 "^2.1.9"
    utf8 "^2.1.1"

http-errors@~1.5.0:
  version "1.5.1"
  resolved "https://registry.npmjs.org/http-errors/-/http-errors-1.5.1.tgz"
  integrity sha512-ftkc2U5ADKHv8Ny1QJaDn8xnE18G+fP5QYupx9c3Xk6L5Vgo3qK8Bgbpb4a+jRtaF/YQKjIuXA5J0tde4Tojng==
  dependencies:
    inherits "2.0.3"
    setprototypeof "1.0.2"
    statuses ">= 1.3.1 < 2"

iconv-lite@0.4.13:
  version "0.4.13"
  resolved "https://registry.npmjs.org/iconv-lite/-/iconv-lite-0.4.13.tgz"
  integrity sha512-QwVuTNQv7tXC5mMWFX5N5wGjmybjNBBD8P3BReTkPmipoxTUFgWM2gXNvldHQr6T14DH0Dh6qBVg98iJt7u4mQ==

inherits@2.0.3:
  version "2.0.3"
  resolved "https://registry.npmjs.org/inherits/-/inherits-2.0.3.tgz"
  integrity sha512-x00IRNXNy63jwGkJmzPigoySHbaqpNuzKbBOmzK+g2OdZpQ9w+sxCN+VSB3ja7IAge2OP2qpfxTjeNcyjmW1uw==

ipaddr.js@1.2.0:
  version "1.2.0"
  resolved "https://registry.npmjs.org/ipaddr.js/-/ipaddr.js-1.2.0.tgz"
  integrity sha512-ku//LD7ie/m9UVGCm9KweBIIHP4mB0maNGvav6Hz778fQCNLQF7iZ+H/UuHuqmjJCHCpA5hw8hOeRKxZl8IlXw==

js-base64@^2.1.9:
  version "2.1.9"
  resolved "https://registry.npmjs.org/js-base64/-/js-base64-2.1.9.tgz"
  integrity sha512-f+5mYh8iF7FlF7zgmj/yqvvYQUHI0kAxGiLjIfNxZzqJ7RQNc4sjgp8crVJw0Kzv2O6aFGZWgMTnO71I9utHSg==

media-typer@0.3.0:
  version "0.3.0"
  resolved "https://registry.npmjs.org/media-typer/-/media-typer-0.3.0.tgz"
  integrity sha512-dq+qelQ9akHpcOl/gUVRTxVIOkAJ1wR3QAvb4RsVjS8oVoFjDGTc679wJYmUmknUF5HwMLOgb5O+a3KxfWapPQ==

merge-descriptors@1.0.1:
  version "1.0.1"
  resolved "https://registry.npmjs.org/merge-descriptors/-/merge-descriptors-1.0.1.tgz"
  integrity sha512-cCi6g3/Zr1iqQi6ySbseM1Xvooa98N0w31jzUYrXPX2xqObmFGHJ0tQ5u74H3mVh7wLouTseZyYIq39g8cNp1w==

methods@~1.1.2:
  version "1.1.2"
  resolved "https://registry.npmjs.org/methods/-/methods-1.1.2.tgz"
  integrity sha512-iclAHeNqNm68zFtnZ0e+1L2yUIdvzNoauKU4WBA3VvH/vPFieF7qfRlwUZU+DA9P9bPXIS90ulxoUoCH23sV2w==

mime-db@~1.26.0:
  version "1.26.0"
  resolved "https://registry.npmjs.org/mime-db/-/mime-db-1.26.0.tgz"
  integrity sha512-Bn4lTeTH3qxeM+u71GQVrY4AxQlqDT9jkapmEby7o6X9giHAS4U4ar/bzjkCocKAEPjP+77GmVxiYScExkiHyA==

mime-types@~2.1.11, mime-types@~2.1.13:
  version "2.1.14"
  resolved "https://registry.npmjs.org/mime-types/-/mime-types-2.1.14.tgz"
  integrity sha512-okJd888hr2XVzvoRxEOnEEgmlsOnLVoIOAKoBgYMLOQPNQFprAx970dULXC3ueiQMIiTsSxUFSpa2y3IlBefCg==
  dependencies:
    mime-db "~1.26.0"

mime@1.3.4:
  version "1.3.4"
  resolved "https://registry.npmjs.org/mime/-/mime-1.3.4.tgz"
  integrity sha512-sAaYXszED5ALBt665F0wMQCUXpGuZsGdopoqcHPdL39ZYdi7uHoZlhrfZfhv8WzivhBzr/oXwaj+yiK5wY8MXQ==

ms@0.7.1:
  version "0.7.1"
  resolved "https://registry.npmjs.org/ms/-/ms-0.7.1.tgz"
  integrity sha512-lRLiIR9fSNpnP6TC4v8+4OU7oStC01esuNowdQ34L+Gk8e5Puoc88IqJ+XAY/B3Mn2ZKis8l8HX90oU8ivzUHg==

negotiator@0.6.1:
  version "0.6.1"
  resolved "https://registry.npmjs.org/negotiator/-/negotiator-0.6.1.tgz"
  integrity sha512-qTxkr1RoLw5Pz+1+PTJ/66hWuyi2LEOeOuIDJDlx6JF8x75bmD5C7qXTg2UlX5W9rLfkqKP+r8q6Vy6NWdWrbw==

on-finished@~2.3.0:
  version "2.3.0"
  resolved "https://registry.npmjs.org/on-finished/-/on-finished-2.3.0.tgz"
  integrity sha512-ikqdkGAAyf/X/gPhXGvfgAytDZtDbr+bkNUJ0N9h5MI/dmdgCs3l6hoHrcUv41sRKew3jIwrp4qQDXiK99Utww==
  dependencies:
    ee-first "1.1.1"

parseurl@~1.3.1:
  version "1.3.1"
  resolved "https://registry.npmjs.org/parseurl/-/parseurl-1.3.1.tgz"
  integrity sha512-jcXcz8qX3IIi+Uf1Ut1TS2aNx2pLbVcFxIWZMcErWNrqFfTE1e+Q1stJkCOnzWBsxCTZJ0xmHtT4P8K0DnQQRA==

path-to-regexp@0.1.7:
  version "0.1.7"
  resolved "https://registry.npmjs.org/path-to-regexp/-/path-to-regexp-0.1.7.tgz"
  integrity sha512-5DFkuoqlv1uYQKxy8omFBeJPQcdoE07Kv2sferDCrAq1ohOU+MSDswDIbnx3YAM60qIOnYa53wBhXW0EbMonrQ==

proxy-addr@~1.1.2:
  version "1.1.3"
  resolved "https://registry.npmjs.org/proxy-addr/-/proxy-addr-1.1.3.tgz"
  integrity sha512-DqElUqAHcWG3dnqlR57Jnvz4exDZ7wsTOLwYaXNPtiOl9l5vyjtD6+7s3nAT1QknFLJsq4C6QzhCogM05QoGNA==
  dependencies:
    forwarded "~0.1.0"
    ipaddr.js "1.2.0"

qs@6.2.0:
  version "6.2.0"
  resolved "https://registry.npmjs.org/qs/-/qs-6.2.0.tgz"
  integrity sha512-xJlDcRyZKEdvI99YhwNqGKmeiOCcfxk5E09Gof/E8xSpiMcqJ+BCwPZ3ykEYQdwDlmTpK6YlPB/kd8zfy9e7wg==

range-parser@~1.2.0:
  version "1.2.0"
  resolved "https://registry.npmjs.org/range-parser/-/range-parser-1.2.0.tgz"
  integrity sha512-kA5WQoNVo4t9lNx2kQNFCxKeBl5IbbSNBl1M/tLkw9WCn+hxNBAW5Qh8gdhs63CJnhjJ2zQWFoqPJP2sK1AV5A==

raw-body@~2.1.7:
  version "2.1.7"
  resolved "https://registry.npmjs.org/raw-body/-/raw-body-2.1.7.tgz"
  integrity sha512-x4d27vsIG04gZ1imkuDXB9Rd/EkAx5kYzeMijIYw1PAor0Ld3nTlkQQwDjKu42GdRUFCX1AfGnTSQB4O57eWVg==
  dependencies:
    bytes "2.4.0"
    iconv-lite "0.4.13"
    unpipe "1.0.0"

send@0.14.1:
  version "0.14.1"
  resolved "https://registry.npmjs.org/send/-/send-0.14.1.tgz"
  integrity sha512-1Ru269QpUVUgD32Y9jdyBXiX+pHYuYnTzR17w+DhyOWvGMPjJILrnLhl9c4LQjtIy2BSAa6Ykq0ZdGcAjaXlwQ==
  dependencies:
    debug "~2.2.0"
    depd "~1.1.0"
    destroy "~1.0.4"
    encodeurl "~1.0.1"
    escape-html "~1.0.3"
    etag "~1.7.0"
    fresh "0.3.0"
    http-errors "~1.5.0"
    mime "1.3.4"
    ms "0.7.1"
    on-finished "~2.3.0"
    range-parser "~1.2.0"
    statuses "~1.3.0"

serve-static@~1.11.1:
  version "1.11.1"
  resolved "https://registry.npmjs.org/serve-static/-/serve-static-1.11.1.tgz"
  integrity sha512-SGBgnvUc8p5pZdzo4DMTFZQlzsCGGV7rqb7owrM2FAW7gNJ2Jf2T45Ej/I9sSZNGdx1V2+MXZ0bUm7JMmTYU/w==
  dependencies:
    encodeurl "~1.0.1"
    escape-html "~1.0.3"
    parseurl "~1.3.1"
    send "0.14.1"

setprototypeof@1.0.2:
  version "1.0.2"
  resolved "https://registry.npmjs.org/setprototypeof/-/setprototypeof-1.0.2.tgz"
  integrity sha512-mNRSo7UFE4c4tjxlZ3KxO5r+3oQUD1M/KXbp/XTwTwybL4VR9T8Ltmv5DvZX8iRz6C3hQmQftXEV0EmTKRV6mg==

"statuses@>= 1.3.1 < 2", statuses@~1.3.0:
  version "1.3.1"
  resolved "https://registry.npmjs.org/statuses/-/statuses-1.3.1.tgz"
  integrity sha512-wuTCPGlJONk/a1kqZ4fQM2+908lC7fa7nPYpTC1EhnvqLX/IICbeP1OZGDtA374trpSq68YubKUMo8oRhN46yg==

type-is@~1.6.13:
  version "1.6.14"
  resolved "https://registry.npmjs.org/type-is/-/type-is-1.6.14.tgz"
  integrity sha512-pM3GvwuTj7H0LexCt3FK6R9KcP0SYRnmjZfHQ7RtuZkLVSfvQZmXKvSiHTDu+RFdkwyj9ZRnWXtvOZWlHiMgGQ==
  dependencies:
    media-typer "0.3.0"
    mime-types "~2.1.13"

unpipe@~1.0.0, unpipe@1.0.0:
  version "1.0.0"
  resolved "https://registry.npmjs.org/unpipe/-/unpipe-1.0.0.tgz"
  integrity sha512-pjy2bYhSsufwWlKwPc+l3cN7+wuJlK6uz0YdJEOlQDbl6jo/YlPi4mb8agUkVC8BF7V8NuzeyPNqRksA3hztKQ==

utf8@^2.1.1:
  version "2.1.2"
  resolved "https://registry.npmjs.org/utf8/-/utf8-2.1.2.tgz"
  integrity sha512-QXo+O/QkLP/x1nyi54uQiG0XrODxdysuQvE5dtVqv7F5K2Qb6FsN+qbr6KhF5wQ20tfcV3VQp0/2x1e1MRSPWg==

utils-merge@1.0.0:
  version "1.0.0"
  resolved "https://registry.npmjs.org/utils-merge/-/utils-merge-1.0.0.tgz"
  integrity sha512-HwU9SLQEtyo+0uoKXd1nkLqigUWLB+QuNQR4OcmB73eWqksM5ovuqcycks2x043W8XVb75rG1HQ0h93TMXkzQQ==

vary@~1.1.0:
  version "1.1.0"
  resolved "https://registry.npmjs.org/vary/-/vary-1.1.0.tgz"
  integrity sha512-uM/iZxl0TaIXDYreb7fo4zACmS3hk2ywle8HR44gJ6HlqZ0fb4gjEJnMBMAmH0T1HxdGU8RlUvY9ekkoLsV+1A==
